
Microsoft Visual Studio Solution File, Format Version 12.00
# Visual Studio 15
VisualStudioVersion = 15.0.28307.539
MinimumVisualStudioVersion = 10.0.40219.1
Project("{9A19103F-16F7-4668-BE54-9A1E7A4F7556}") = "EXERCISE OBJECTS AND CLASSES", "EXERCISE OBJECTS AND CLASSES\EXERCISE OBJECTS AND CLASSES.csproj", "{CDED73F7-96E3-4267-AEEC-9C0CD8BDACF2}"
EndProject
Project("{FAE04EC0-301F-11D3-BF4B-00C04F79EFBC}") = "1. Advertisement Message", "1. Advertisement Message\1. Advertisement Message.csproj", "{275B3173-DD10-4412-ABDB-F3FD38D14F18}"
EndProject
Project("{FAE04EC0-301F-11D3-BF4B-00C04F79EFBC}") = "2. Articles", "2. Articles\2. Articles.csproj", "{5AAD0899-1C11-44BD-B5D3-80946E47F5FC}"
EndProject
Global
	GlobalSection(SolutionConfigurationPlatforms) = preSolution
		Debug|Any CPU = Debug|Any CPU
		Release|Any CPU = Release|Any CPU
	EndGlobalSection
	GlobalSection(ProjectConfigurationPlatforms) = postSolution
		{CDED73F7-96E3-4267-AEEC-9C0CD8BDACF2}.Debug|Any CPU.ActiveCfg = Debug|Any CPU
		{CDED73F7-96E3-4267-AEEC-9C0CD8BDACF2}.Debug|Any CPU.Build.0 = Debug|Any CPU
		{CDED73F7-96E3-4267-AEEC-9C0CD8BDACF2}.Release|Any CPU.ActiveCfg = Release|Any CPU
		{CDED73F7-96E3-4267-AEEC-9C0CD8BDACF2}.Release|Any CPU.Build.0 = Release|Any CPU
		{275B3173-DD10-4412-ABDB-F3FD38D14F18}.Debug|Any CPU.ActiveCfg = Debug|Any CPU
		{275B3173-DD10-4412-ABDB-F3FD38D14F18}.Debug|Any CPU.Build.0 = Debug|Any CPU
		{275B3173-DD10-4412-ABDB-F3FD38D14F18}.Release|Any CPU.ActiveCfg = Release|Any CPU
		{275B3173-DD10-4412-ABDB-F3FD38D14F18}.Release|Any CPU.Build.0 = Release|Any CPU
		{5AAD0899-1C11-44BD-B5D3-80946E47F5FC}.Debug|Any CPU.ActiveCfg = Debug|Any CPU
		{5AAD0899-1C11-44BD-B5D3-80946E47F5FC}.Debug|Any CPU.Build.0 = Debug|Any CPU
		{5AAD0899-1C11-44BD-B5D3-80946E47F5FC}.Release|Any CPU.ActiveCfg = Release|Any CPU
		{5AAD0899-1C11-44BD-B5D3-80946E47F5FC}.Release|Any CPU.Build.0 = Release|Any CPU
	EndGlobalSection
	GlobalSection(SolutionProperties) = preSolution
		HideSolutionNode = FALSE
	EndGlobalSection
	GlobalSection(ExtensibilityGlobals) = postSolution
		SolutionGuid = {754AB16A-B8E5-4DA2-B0BD-ED93954F608F}
	EndGlobalSection
EndGlobal
